schema: '2.0'
stages:
  data_ingestion:
    cmd: python src/data_ingestion.py
    deps:
    - path: src/data_ingestion.py
      hash: md5
      md5: fdec4bd3f72053993f37a8438ff1c798
      size: 1312
    params:
      params.yaml:
        data_ingestion.test_size: 0.1
    outs:
    - path: data/raw
      hash: md5
      md5: c140e5a4b6f223205253f27c7d1cf037.dir
      size: 887224
      nfiles: 2
  data_preprocessing:
    cmd: python src/data_preprocessing.py
    deps:
    - path: data/raw
      hash: md5
      md5: c140e5a4b6f223205253f27c7d1cf037.dir
      size: 887224
      nfiles: 2
    - path: src/data_preprocessing.py
      hash: md5
      md5: 6d4abbf44e07adebc8ebd3a8bc8ec823
      size: 2792
    outs:
    - path: data/processed
      hash: md5
      md5: 1b0daef0e09bf715320e25dbffc48a60.dir
      size: 675133
      nfiles: 2
  feature_engineering:
    cmd: python src/feature_engineering.py
    deps:
    - path: data/processed
      hash: md5
      md5: 1b0daef0e09bf715320e25dbffc48a60.dir
      size: 675133
      nfiles: 2
    - path: src/feature_engineering.py
      hash: md5
      md5: 3e831bf5458c13d86c1433b50c8a0330
      size: 2169
    params:
      params.yaml:
        feature_engineering.max_features: 12
    outs:
    - path: data/features
      hash: md5
      md5: 6d025e6a3c5940f698e54d80b29ba451.dir
      size: 280164
      nfiles: 2
  model_building:
    cmd: python src/model_building.py
    deps:
    - path: data/features
      hash: md5
      md5: 6d025e6a3c5940f698e54d80b29ba451.dir
      size: 280164
      nfiles: 2
    - path: src/model_building.py
      hash: md5
      md5: 8b63d9b5c2304220fee5172a682bb905
      size: 1364
    params:
      params.yaml:
        model_building.learning_rate: 0.3
        model_building.n_estimators: 80
    outs:
    - path: model.pkl
      hash: md5
      md5: f2e21e369173e076be6f519e0686af4c
      size: 91901
  model_evaluation:
    cmd: python src/model_evaluation.py
    deps:
    - path: model.pkl
      hash: md5
      md5: f2e21e369173e076be6f519e0686af4c
      size: 91901
    - path: src/model_evaluation.py
      hash: md5
      md5: 9607ad9d86053ec0c3cc7bbd5a6ff3bf
      size: 1544
    outs:
    - path: metrics.json
      hash: md5
      md5: 92dc26f55983e45a2c1e52615b14fb3c
      size: 146
